// !$*UTF8*$!
{
	archiveVersion = 1;
	classes = {
	};
	objectVersion = 77;
	objects = {

/* Begin PBXContainerItemProxy section */
		BD6FA1972D98A2FF00F53EB4 /* PBXContainerItemProxy */ = {
			isa = PBXContainerItemProxy;
			containerPortal = BD6FA17E2D98A2FE00F53EB4 /* Project object */;
			proxyType = 1;
			remoteGlobalIDString = BD6FA1852D98A2FE00F53EB4;
			remoteInfo = Engest;
		};
		BD6FA1A12D98A30000F53EB4 /* PBXContainerItemProxy */ = {
			isa = PBXContainerItemProxy;
			containerPortal = BD6FA17E2D98A2FE00F53EB4 /* Project object */;
			proxyType = 1;
			remoteGlobalIDString = BD6FA1852D98A2FE00F53EB4;
			remoteInfo = Engest;
		};
/* End PBXContainerItemProxy section */

/* Begin PBXFileReference section */
		BD6FA1862D98A2FE00F53EB4 /* Engest.app */ = {isa = PBXFileReference; explicitFileType = wrapper.application; includeInIndex = 0; path = Engest.app; sourceTree = BUILT_PRODUCTS_DIR; };
		BD6FA1962D98A2FF00F53EB4 /* EngestTests.xctest */ = {isa = PBXFileReference; explicitFileType = wrapper.cfbundle; includeInIndex = 0; path = EngestTests.xctest; sourceTree = BUILT_PRODUCTS_DIR; };
		BD6FA1A02D98A30000F53EB4 /* EngestUITests.xctest */ = {isa = PBXFileReference; explicitFileType = wrapper.cfbundle; includeInIndex = 0; path = EngestUITests.xctest; sourceTree = BUILT_PRODUCTS_DIR; };
/* End PBXFileReference section */

/* Begin PBXFileSystemSynchronizedRootGroup section */
		BD6FA1882D98A2FE00F53EB4 /* Engest */ = {
			isa = PBXFileSystemSynchronizedRootGroup;
			path = Engest;
			sourceTree = "<group>";
		};
		BD6FA1992D98A2FF00F53EB4 /* EngestTests */ = {
			isa = PBXFileSystemSynchronizedRootGroup;
			path = EngestTests;
			sourceTree = "<group>";
		};
		BD6FA1A32D98A30000F53EB4 /* EngestUITests */ = {
			isa = PBXFileSystemSynchronizedRootGroup;
			path = EngestUITests;
			sourceTree = "<group>";
		};
/* End PBXFileSystemSynchronizedRootGroup section */

/* Begin PBXFrameworksBuildPhase section */
		BD6FA1832D98A2FE00F53EB4 /* Frameworks */ = {
			isa = PBXFrameworksBuildPhase;
			buildActionMask = 2147483647;
			files = (
			);
			runOnlyForDeploymentPostprocessing = 0;
		};
		BD6FA1932D98A2FF00F53EB4 /* Frameworks */ = {
			isa = PBXFrameworksBuildPhase;
			buildActionMask = 2147483647;
			files = (
			);
			runOnlyForDeploymentPostprocessing = 0;
		};
		BD6FA19D2D98A30000F53EB4 /* Frameworks */ = {
			isa = PBXFrameworksBuildPhase;
			buildActionMask = 2147483647;
			files = (
			);
			runOnlyForDeploymentPostprocessing = 0;
		};
/* End PBXFrameworksBuildPhase section */

/* Begin PBXGroup section */
		BD6FA17D2D98A2FE00F53EB4 = {
			isa = PBXGroup;
			children = (
				BD6FA1882D98A2FE00F53EB4 /* Engest */,
				BD6FA1992D98A2FF00F53EB4 /* EngestTests */,
				BD6FA1A32D98A30000F53EB4 /* EngestUITests */,
				BD6FA1872D98A2FE00F53EB4 /* Products */,
			);
			sourceTree = "<group>";
		};
		BD6FA1872D98A2FE00F53EB4 /* Products */ = {
			isa = PBXGroup;
			children = (
				BD6FA1862D98A2FE00F53EB4 /* Engest.app */,
				BD6FA1962D98A2FF00F53EB4 /* EngestTests.xctest */,
				BD6FA1A02D98A30000F53EB4 /* EngestUITests.xctest */,
			);
			name = Products;
			sourceTree = "<group>";
		};
/* End PBXGroup section */

/* Begin PBXNativeTarget section */
		BD6FA1852D98A2FE00F53EB4 /* Engest */ = {
			isa = PBXNativeTarget;
			buildConfigurationList = BD6FA1AA2D98A30000F53EB4 /* Build configuration list for PBXNativeTarget "Engest" */;
			buildPhases = (
				BD6FA1822D98A2FE00F53EB4 /* Sources */,
				BD6FA1832D98A2FE00F53EB4 /* Frameworks */,
				BD6FA1842D98A2FE00F53EB4 /* Resources */,
			);
			buildRules = (
			);
			dependencies = (
			);
			fileSystemSynchronizedGroups = (
				BD6FA1882D98A2FE00F53EB4 /* Engest */,
			);
			name = Engest;
			packageProductDependencies = (
			);
			productName = Engest;
			productReference = BD6FA1862D98A2FE00F53EB4 /* Engest.app */;
			productType = "com.apple.product-type.application";
		};
		BD6FA1952D98A2FF00F53EB4 /* EngestTests */ = {
			isa = PBXNativeTarget;
			buildConfigurationList = BD6FA1AD2D98A30000F53EB4 /* Build configuration list for PBXNativeTarget "EngestTests" */;
			buildPhases = (
				BD6FA1922D98A2FF00F53EB4 /* Sources */,
				BD6FA1932D98A2FF00F53EB4 /* Frameworks */,
				BD6FA1942D98A2FF00F53EB4 /* Resources */,
			);
			buildRules = (
			);
			dependencies = (
				BD6FA1982D98A2FF00F53EB4 /* PBXTargetDependency */,
			);
			fileSystemSynchronizedGroups = (
				BD6FA1992D98A2FF00F53EB4 /* EngestTests */,
			);
			name = EngestTests;
			packageProductDependencies = (
			);
			productName = EngestTests;
			productReference = BD6FA1962D98A2FF00F53EB4 /* EngestTests.xctest */;
			productType = "com.apple.product-type.bundle.unit-test";
		};
		BD6FA19F2D98A30000F53EB4 /* EngestUITests */ = {
			isa = PBXNativeTarget;
			buildConfigurationList = BD6FA1B02D98A30000F53EB4 /* Build configuration list for PBXNativeTarget "EngestUITests" */;
			buildPhases = (
				BD6FA19C2D98A30000F53EB4 /* Sources */,
				BD6FA19D2D98A30000F53EB4 /* Frameworks */,
				BD6FA19E2D98A30000F53EB4 /* Resources */,
			);
			buildRules = (
			);
			dependencies = (
				BD6FA1A22D98A30000F53EB4 /* PBXTargetDependency */,
			);
			fileSystemSynchronizedGroups = (
				BD6FA1A32D98A30000F53EB4 /* EngestUITests */,
			);
			name = EngestUITests;
			packageProductDependencies = (
			);
			productName = EngestUITests;
			productReference = BD6FA1A02D98A30000F53EB4 /* EngestUITests.xctest */;
			productType = "com.apple.product-type.bundle.ui-testing";
		};
/* End PBXNativeTarget section */

/* Begin PBXProject section */
		BD6FA17E2D98A2FE00F53EB4 /* Project object */ = {
			isa = PBXProject;
			attributes = {
				BuildIndependentTargetsInParallel = 1;
				LastSwiftUpdateCheck = 1620;
				LastUpgradeCheck = 1620;
				TargetAttributes = {
					BD6FA1852D98A2FE00F53EB4 = {
						CreatedOnToolsVersion = 16.2;
					};
					BD6FA1952D98A2FF00F53EB4 = {
						CreatedOnToolsVersion = 16.2;
						TestTargetID = BD6FA1852D98A2FE00F53EB4;
					};
					BD6FA19F2D98A30000F53EB4 = {
						CreatedOnToolsVersion = 16.2;
						TestTargetID = BD6FA1852D98A2FE00F53EB4;
					};
				};
			};
			buildConfigurationList = BD6FA1812D98A2FE00F53EB4 /* Build configuration list for PBXProject "Engest" */;
			developmentRegion = en;
			hasScannedForEncodings = 0;
			knownRegions = (
				en,
				Base,
			);
			mainGroup = BD6FA17D2D98A2FE00F53EB4;
			minimizedProjectReferenceProxies = 1;
			preferredProjectObjectVersion = 77;
			productRefGroup = BD6FA1872D98A2FE00F53EB4 /* Products */;
			projectDirPath = "";
			projectRoot = "";
			targets = (
				BD6FA1852D98A2FE00F53EB4 /* Engest */,
				BD6FA1952D98A2FF00F53EB4 /* EngestTests */,
				BD6FA19F2D98A30000F53EB4 /* EngestUITests */,
			);
		};
/* End PBXProject section */

/* Begin PBXResourcesBuildPhase section */
		BD6FA1842D98A2FE00F53EB4 /* Resources */ = {
			isa = PBXResourcesBuildPhase;
			buildActionMask = 2147483647;
			files = (
			);
			runOnlyForDeploymentPostprocessing = 0;
		};
		BD6FA1942D98A2FF00F53EB4 /* Resources */ = {
			isa = PBXResourcesBuildPhase;
			buildActionMask = 2147483647;
			files = (
			);
			runOnlyForDeploymentPostprocessing = 0;
		};
		BD6FA19E2D98A30000F53EB4 /* Resources */ = {
			isa = PBXResourcesBuildPhase;
			buildActionMask = 2147483647;
			files = (
			);
			runOnlyForDeploymentPostprocessing = 0;
		};
/* End PBXResourcesBuildPhase section */

/* Begin PBXSourcesBuildPhase section */
		BD6FA1822D98A2FE00F53EB4 /* Sources */ = {
			isa = PBXSourcesBuildPhase;
			buildActionMask = 2147483647;
			files = (
			);
			runOnlyForDeploymentPostprocessing = 0;
		};
		BD6FA1922D98A2FF00F53EB4 /* Sources */ = {
			isa = PBXSourcesBuildPhase;
			buildActionMask = 2147483647;
			files = (
			);
			runOnlyForDeploymentPostprocessing = 0;
		};
		BD6FA19C2D98A30000F53EB4 /* Sources */ = {
			isa = PBXSourcesBuildPhase;
			buildActionMask = 2147483647;
			files = (
			);
			runOnlyForDeploymentPostprocessing = 0;
		};
/* End PBXSourcesBuildPhase section */

/* Begin PBXTargetDependency section */
		BD6FA1982D98A2FF00F53EB4 /* PBXTargetDependency */ = {
			isa = PBXTargetDependency;
			target = BD6FA1852D98A2FE00F53EB4 /* Engest */;
			targetProxy = BD6FA1972D98A2FF00F53EB4 /* PBXContainerItemProxy */;
		};
		BD6FA1A22D98A30000F53EB4 /* PBXTargetDependency */ = {
			isa = PBXTargetDependency;
			target = BD6FA1852D98A2FE00F53EB4 /* Engest */;
			targetProxy = BD6FA1A12D98A30000F53EB4 /* PBXContainerItemProxy */;
		};
/* End PBXTargetDependency section */

/* Begin XCBuildConfiguration section */
		BD6FA1A82D98A30000F53EB4 /* Debug */ = {
			isa = XCBuildConfiguration;
			buildSettings = {
				ALWAYS_SEARCH_USER_PATHS = NO;
				ASSETCATALOG_COMPILER_GENERATE_SWIFT_ASSET_SYMBOL_EXTENSIONS = YES;
				CLANG_ANALYZER_NONNULL = YES;
				CLANG_ANALYZER_NUMBER_OBJECT_CONVERSION = YES_AGGRESSIVE;
				CLANG_CXX_LANGUAGE_STANDARD = "gnu++20";
				CLANG_ENABLE_MODULES = YES;
				CLANG_ENABLE_OBJC_ARC = YES;
				CLANG_ENABLE_OBJC_WEAK = YES;
				CLANG_WARN_BLOCK_CAPTURE_AUTORELEASING = YES;
				CLANG_WARN_BOOL_CONVERSION = YES;
				CLANG_WARN_COMMA = YES;
				CLANG_WARN_CONSTANT_CONVERSION = YES;
				CLANG_WARN_DEPRECATED_OBJC_IMPLEMENTATIONS = YES;
				CLANG_WARN_DIRECT_OBJC_ISA_USAGE = YES_ERROR;
				CLANG_WARN_DOCUMENTATION_COMMENTS = YES;
				CLANG_WARN_EMPTY_BODY = YES;
				CLANG_WARN_ENUM_CONVERSION = YES;
				CLANG_WARN_INFINITE_RECURSION = YES;
				CLANG_WARN_INT_CONVERSION = YES;
				CLANG_WARN_NON_LITERAL_NULL_CONVERSION = YES;
				CLANG_WARN_OBJC_IMPLICIT_RETAIN_SELF = YES;
				CLANG_WARN_OBJC_LITERAL_CONVERSION = YES;
				CLANG_WARN_OBJC_ROOT_CLASS = YES_ERROR;
				CLANG_WARN_QUOTED_INCLUDE_IN_FRAMEWORK_HEADER = YES;
				CLANG_WARN_RANGE_LOOP_ANALYSIS = YES;
				CLANG_WARN_STRICT_PROTOTYPES = YES;
				CLANG_WARN_SUSPICIOUS_MOVE = YES;
				CLANG_WARN_UNGUARDED_AVAILABILITY = YES_AGGRESSIVE;
				CLANG_WARN_UNREACHABLE_CODE = YES;
				CLANG_WARN__DUPLICATE_METHOD_MATCH = YES;
				COPY_PHASE_STRIP = NO;
				DEBUG_INFORMATION_FORMAT = dwarf;
				ENABLE_STRICT_OBJC_MSGSEND = YES;
				ENABLE_TESTABILITY = YES;
				ENABLE_USER_SCRIPT_SANDBOXING = YES;
				GCC_C_LANGUAGE_STANDARD = gnu17;
				GCC_DYNAMIC_NO_PIC = NO;
				GCC_NO_COMMON_BLOCKS = YES;
				GCC_OPTIMIZATION_LEVEL = 0;
				GCC_PREPROCESSOR_DEFINITIONS = (
					"DEBUG=1",
					"$(inherited)",
				);
				GCC_WARN_64_TO_32_BIT_CONVERSION = YES;
				GCC_WARN_ABOUT_RETURN_TYPE = YES_ERROR;
				GCC_WARN_UNDECLARED_SELECTOR = YES;
				GCC_WARN_UNINITIALIZED_AUTOS = YES_AGGRESSIVE;
				GCC_WARN_UNUSED_FUNCTION = YES;
				GCC_WARN_UNUSED_VARIABLE = YES;
				IPHONEOS_DEPLOYMENT_TARGET = 18.2;
				LOCALIZATION_PREFERS_STRING_CATALOGS = YES;
				MTL_ENABLE_DEBUG_INFO = INCLUDE_SOURCE;
				MTL_FAST_MATH = YES;
				ONLY_ACTIVE_ARCH = YES;
				SDKROOT = iphoneos;
				SWIFT_ACTIVE_COMPILATION_CONDITIONS = "DEBUG $(inherited)";
				SWIFT_OPTIMIZATION_LEVEL = "-Onone";
			};
			name = Debug;
		};
		BD6FA1A92D98A30000F53EB4 /* Release */ = {
			isa = XCBuildConfiguration;
			buildSettings = {
				ALWAYS_SEARCH_USER_PATHS = NO;
				ASSETCATALOG_COMPILER_GENERATE_SWIFT_ASSET_SYMBOL_EXTENSIONS = YES;
				CLANG_ANALYZER_NONNULL = YES;
				CLANG_ANALYZER_NUMBER_OBJECT_CONVERSION = YES_AGGRESSIVE;
				CLANG_CXX_LANGUAGE_STANDARD = "gnu++20";
				CLANG_ENABLE_MODULES = YES;
				CLANG_ENABLE_OBJC_ARC = YES;
				CLANG_ENABLE_OBJC_WEAK = YES;
				CLANG_WARN_BLOCK_CAPTURE_AUTORELEASING = YES;
				CLANG_WARN_BOOL_CONVERSION = YES;
				CLANG_WARN_COMMA = YES;
				CLANG_WARN_CONSTANT_CONVERSION = YES;
				CLANG_WARN_DEPRECATED_OBJC_IMPLEMENTATIONS = YES;
				CLANG_WARN_DIRECT_OBJC_ISA_USAGE = YES_ERROR;
				CLANG_WARN_DOCUMENTATION_COMMENTS = YES;
				CLANG_WARN_EMPTY_BODY = YES;
				CLANG_WARN_ENUM_CONVERSION = YES;
				CLANG_WARN_INFINITE_RECURSION = YES;
				CLANG_WARN_INT_CONVERSION = YES;
				CLANG_WARN_NON_LITERAL_NULL_CONVERSION = YES;
				CLANG_WARN_OBJC_IMPLICIT_RETAIN_SELF = YES;
				CLANG_WARN_OBJC_LITERAL_CONVERSION = YES;
				CLANG_WARN_OBJC_ROOT_CLASS = YES_ERROR;
				CLANG_WARN_QUOTED_INCLUDE_IN_FRAMEWORK_HEADER = YES;
				CLANG_WARN_RANGE_LOOP_ANALYSIS = YES;
				CLANG_WARN_STRICT_PROTOTYPES = YES;
				CLANG_WARN_SUSPICIOUS_MOVE = YES;
				CLANG_WARN_UNGUARDED_AVAILABILITY = YES_AGGRESSIVE;
				CLANG_WARN_UNREACHABLE_CODE = YES;
				CLANG_WARN__DUPLICATE_METHOD_MATCH = YES;
				COPY_PHASE_STRIP = NO;
				DEBUG_INFORMATION_FORMAT = "dwarf-with-dsym";
				ENABLE_NS_ASSERTIONS = NO;
				ENABLE_STRICT_OBJC_MSGSEND = YES;
				ENABLE_USER_SCRIPT_SANDBOXING = YES;
				GCC_C_LANGUAGE_STANDARD = gnu17;
				GCC_NO_COMMON_BLOCKS = YES;
				GCC_WARN_64_TO_32_BIT_CONVERSION = YES;
				GCC_WARN_ABOUT_RETURN_TYPE = YES_ERROR;
				GCC_WARN_UNDECLARED_SELECTOR = YES;
				GCC_WARN_UNINITIALIZED_AUTOS = YES_AGGRESSIVE;
				GCC_WARN_UNUSED_FUNCTION = YES;
				GCC_WARN_UNUSED_VARIABLE = YES;
				IPHONEOS_DEPLOYMENT_TARGET = 18.2;
				LOCALIZATION_PREFERS_STRING_CATALOGS = YES;
				MTL_ENABLE_DEBUG_INFO = NO;
				MTL_FAST_MATH = YES;
				SDKROOT = iphoneos;
				SWIFT_COMPILATION_MODE = wholemodule;
				VALIDATE_PRODUCT = YES;
			};
			name = Release;
		};
		BD6FA1AB2D98A30000F53EB4 /* Debug */ = {
			isa = XCBuildConfiguration;
			buildSettings = {
				ASSETCATALOG_COMPILER_APPICON_NAME = AppIcon;
				ASSETCATALOG_COMPILER_GLOBAL_ACCENT_COLOR_NAME = AccentColor;
				CODE_SIGN_STYLE = Automatic;
				CURRENT_PROJECT_VERSION = 1;
				DEVELOPMENT_ASSET_PATHS = "\"Engest/Preview Content\"";
				DEVELOPMENT_TEAM = WGTVH24F24;
				ENABLE_PREVIEWS = YES;
				GENERATE_INFOPLIST_FILE = YES;
				INFOPLIST_KEY_UIApplicationSceneManifest_Generation = YES;
				INFOPLIST_KEY_UIApplicationSupportsIndirectInputEvents = YES;
				INFOPLIST_KEY_UILaunchScreen_Generation = YES;
				INFOPLIST_KEY_UISupportedInterfaceOrientations_iPad = "UIInterfaceOrientationPortrait UIInterfaceOrientationPortraitUpsideDown UIInterfaceOrientationLandscapeLeft UIInterfaceOrientationLandscapeRight";
				INFOPLIST_KEY_UISupportedInterfaceOrientations_iPhone = "UIInterfaceOrientationPortrait UIInterfaceOrientationLandscapeLeft UIInterfaceOrientationLandscapeRight";
				LD_RUNPATH_SEARCH_PATHS = (
					"$(inherited)",
					"@executable_path/Frameworks",
				);
				MARKETING_VERSION = 1.0;
				PRODUCT_BUNDLE_IDENTIFIER = com.ruudiac.Engest;
				PRODUCT_NAME = "$(TARGET_NAME)";
				SWIFT_EMIT_LOC_STRINGS = YES;
				SWIFT_VERSION = 5.0;
				TARGETED_DEVICE_FAMILY = "1,2";
			};
			name = Debug;
		};
		BD6FA1AC2D98A30000F53EB4 /* Release */ = {
			isa = XCBuildConfiguration;
			buildSettings = {
				ASSETCATALOG_COMPILER_APPICON_NAME = AppIcon;
				ASSETCATALOG_COMPILER_GLOBAL_ACCENT_COLOR_NAME = AccentColor;
				CODE_SIGN_STYLE = Automatic;
				CURRENT_PROJECT_VERSION = 1;
				DEVELOPMENT_ASSET_PATHS = "\"Engest/Preview Content\"";
				DEVELOPMENT_TEAM = WGTVH24F24;
				ENABLE_PREVIEWS = YES;
				GENERATE_INFOPLIST_FILE = YES;
				INFOPLIST_KEY_UIApplicationSceneManifest_Generation = YES;
				INFOPLIST_KEY_UIApplicationSupportsIndirectInputEvents = YES;
				INFOPLIST_KEY_UILaunchScreen_Generation = YES;
				INFOPLIST_KEY_UISupportedInterfaceOrientations_iPad = "UIInterfaceOrientationPortrait UIInterfaceOrientationPortraitUpsideDown UIInterfaceOrientationLandscapeLeft UIInterfaceOrientationLandscapeRight";
				INFOPLIST_KEY_UISupportedInterfaceOrientations_iPhone = "UIInterfaceOrientationPortrait UIInterfaceOrientationLandscapeLeft UIInterfaceOrientationLandscapeRight";
				LD_RUNPATH_SEARCH_PATHS = (
					"$(inherited)",
					"@executable_path/Frameworks",
				);
				MARKETING_VERSION = 1.0;
				PRODUCT_BUNDLE_IDENTIFIER = com.ruudiac.Engest;
				PRODUCT_NAME = "$(TARGET_NAME)";
				SWIFT_EMIT_LOC_STRINGS = YES;
				SWIFT_VERSION = 5.0;
				TARGETED_DEVICE_FAMILY = "1,2";
			};
			name = Release;
		};
		BD6FA1AE2D98A30000F53EB4 /* Debug */ = {
			isa = XCBuildConfiguration;
			buildSettings = {
				BUNDLE_LOADER = "$(TEST_HOST)";
				CODE_SIGN_STYLE = Automatic;
				CURRENT_PROJECT_VERSION = 1;
				DEVELOPMENT_TEAM = WGTVH24F24;
				GENERATE_INFOPLIST_FILE = YES;
				IPHONEOS_DEPLOYMENT_TARGET = 18.2;
				MARKETING_VERSION = 1.0;
				PRODUCT_BUNDLE_IDENTIFIER = com.ruudiac.EngestTests;
				PRODUCT_NAME = "$(TARGET_NAME)";
				SWIFT_EMIT_LOC_STRINGS = NO;
				SWIFT_VERSION = 5.0;
				TARGETED_DEVICE_FAMILY = "1,2";
				TEST_HOST = "$(BUILT_PRODUCTS_DIR)/Engest.app/$(BUNDLE_EXECUTABLE_FOLDER_PATH)/Engest";
			};
			name = Debug;
		};
		BD6FA1AF2D98A30000F53EB4 /* Release */ = {
			isa = XCBuildConfiguration;
			buildSettings = {
				BUNDLE_LOADER = "$(TEST_HOST)";
				CODE_SIGN_STYLE = Automatic;
				CURRENT_PROJECT_VERSION = 1;
				DEVELOPMENT_TEAM = WGTVH24F24;
				GENERATE_INFOPLIST_FILE = YES;
				IPHONEOS_DEPLOYMENT_TARGET = 18.2;
				MARKETING_VERSION = 1.0;
				PRODUCT_BUNDLE_IDENTIFIER = com.ruudiac.EngestTests;
				PRODUCT_NAME = "$(TARGET_NAME)";
				SWIFT_EMIT_LOC_STRINGS = NO;
				SWIFT_VERSION = 5.0;
				TARGETED_DEVICE_FAMILY = "1,2";
				TEST_HOST = "$(BUILT_PRODUCTS_DIR)/Engest.app/$(BUNDLE_EXECUTABLE_FOLDER_PATH)/Engest";
			};
			name = Release;
		};
		BD6FA1B12D98A30000F53EB4 /* Debug */ = {
			isa = XCBuildConfiguration;
			buildSettings = {
				CODE_SIGN_STYLE = Automatic;
				CURRENT_PROJECT_VERSION = 1;
				DEVELOPMENT_TEAM = WGTVH24F24;
				GENERATE_INFOPLIST_FILE = YES;
				MARKETING_VERSION = 1.0;
				PRODUCT_BUNDLE_IDENTIFIER = com.ruudiac.EngestUITests;
				PRODUCT_NAME = "$(TARGET_NAME)";
				SWIFT_EMIT_LOC_STRINGS = NO;
				SWIFT_VERSION = 5.0;
				TARGETED_DEVICE_FAMILY = "1,2";
				TEST_TARGET_NAME = Engest;
			};
			name = Debug;
		};
		BD6FA1B22D98A30000F53EB4 /* Release */ = {
			isa = XCBuildConfiguration;
			buildSettings = {
				CODE_SIGN_STYLE = Automatic;
				CURRENT_PROJECT_VERSION = 1;
				DEVELOPMENT_TEAM = WGTVH24F24;
				GENERATE_INFOPLIST_FILE = YES;
				MARKETING_VERSION = 1.0;
				PRODUCT_BUNDLE_IDENTIFIER = com.ruudiac.EngestUITests;
				PRODUCT_NAME = "$(TARGET_NAME)";
				SWIFT_EMIT_LOC_STRINGS = NO;
				SWIFT_VERSION = 5.0;
				TARGETED_DEVICE_FAMILY = "1,2";
				TEST_TARGET_NAME = Engest;
			};
			name = Release;
		};
/* End XCBuildConfiguration section */

/* Begin XCConfigurationList section */
		BD6FA1812D98A2FE00F53EB4 /* Build configuration list for PBXProject "Engest" */ = {
			isa = XCConfigurationList;
			buildConfigurations = (
				BD6FA1A82D98A30000F53EB4 /* Debug */,
				BD6FA1A92D98A30000F53EB4 /* Release */,
			);
			defaultConfigurationIsVisible = 0;
			defaultConfigurationName = Release;
		};
		BD6FA1AA2D98A30000F53EB4 /* Build configuration list for PBXNativeTarget "Engest" */ = {
			isa = XCConfigurationList;
			buildConfigurations = (
				BD6FA1AB2D98A30000F53EB4 /* Debug */,
				BD6FA1AC2D98A30000F53EB4 /* Release */,
			);
			defaultConfigurationIsVisible = 0;
			defaultConfigurationName = Release;
		};
		BD6FA1AD2D98A30000F53EB4 /* Build configuration list for PBXNativeTarget "EngestTests" */ = {
			isa = XCConfigurationList;
			buildConfigurations = (
				BD6FA1AE2D98A30000F53EB4 /* Debug */,
				BD6FA1AF2D98A30000F53EB4 /* Release */,
			);
			defaultConfigurationIsVisible = 0;
			defaultConfigurationName = Release;
		};
		BD6FA1B02D98A30000F53EB4 /* Build configuration list for PBXNativeTarget "EngestUITests" */ = {
			isa = XCConfigurationList;
			buildConfigurations = (
				BD6FA1B12D98A30000F53EB4 /* Debug */,
				BD6FA1B22D98A30000F53EB4 /* Release */,
			);
			defaultConfigurationIsVisible = 0;
			defaultConfigurationName = Release;
		};
/* End XCConfigurationList section */
	};
	rootObject = BD6FA17E2D98A2FE00F53EB4 /* Project object */;
}
